
Microsoft Visual Studio Solution File, Format Version 12.00
# Visual Studio Version 17
VisualStudioVersion = 17.14.36518.9
MinimumVisualStudioVersion = 10.0.40219.1
Project("{FAE04EC0-301F-11D3-BF4B-00C04F79EFBC}") = "pokedex-web", "Poke-AppWeb\pokedex-web.csproj", "{C761E049-EE41-4BA8-950D-8A1850FC2271}"
EndProject
Project("{FAE04EC0-301F-11D3-BF4B-00C04F79EFBC}") = "Dominio", "Dominio\Dominio.csproj", "{2C469250-4485-41C1-9516-C7751D253106}"
EndProject
Project("{FAE04EC0-301F-11D3-BF4B-00C04F79EFBC}") = "Negocio", "Negocio\Negocio.csproj", "{2FF761BA-0696-4FF2-B34E-60AA30DECDD5}"
EndProject
Global
	GlobalSection(SolutionConfigurationPlatforms) = preSolution
		Debug|Any CPU = Debug|Any CPU
		Release|Any CPU = Release|Any CPU
	EndGlobalSection
	GlobalSection(ProjectConfigurationPlatforms) = postSolution
		{C761E049-EE41-4BA8-950D-8A1850FC2271}.Debug|Any CPU.ActiveCfg = Debug|Any CPU
		{C761E049-EE41-4BA8-950D-8A1850FC2271}.Debug|Any CPU.Build.0 = Debug|Any CPU
		{C761E049-EE41-4BA8-950D-8A1850FC2271}.Release|Any CPU.ActiveCfg = Release|Any CPU
		{C761E049-EE41-4BA8-950D-8A1850FC2271}.Release|Any CPU.Build.0 = Release|Any CPU
		{2C469250-4485-41C1-9516-C7751D253106}.Debug|Any CPU.ActiveCfg = Debug|Any CPU
		{2C469250-4485-41C1-9516-C7751D253106}.Debug|Any CPU.Build.0 = Debug|Any CPU
		{2C469250-4485-41C1-9516-C7751D253106}.Release|Any CPU.ActiveCfg = Release|Any CPU
		{2C469250-4485-41C1-9516-C7751D253106}.Release|Any CPU.Build.0 = Release|Any CPU
		{2FF761BA-0696-4FF2-B34E-60AA30DECDD5}.Debug|Any CPU.ActiveCfg = Debug|Any CPU
		{2FF761BA-0696-4FF2-B34E-60AA30DECDD5}.Debug|Any CPU.Build.0 = Debug|Any CPU
		{2FF761BA-0696-4FF2-B34E-60AA30DECDD5}.Release|Any CPU.ActiveCfg = Release|Any CPU
		{2FF761BA-0696-4FF2-B34E-60AA30DECDD5}.Release|Any CPU.Build.0 = Release|Any CPU
	EndGlobalSection
	GlobalSection(SolutionProperties) = preSolution
		HideSolutionNode = FALSE
	EndGlobalSection
	GlobalSection(ExtensibilityGlobals) = postSolution
		SolutionGuid = {DB749299-989A-44F1-BF0A-1D3D54E5480A}
	EndGlobalSection
EndGlobal
